{
  "requires": true,
  "lockfileVersion": 1,
  "dependencies": {
    "ag-grid-angular": {
      "version": "25.1.0",
      "resolved": "https://registry.npmjs.org/ag-grid-angular/-/ag-grid-angular-25.1.0.tgz",
      "integrity": "sha512-+5i53kJdoD339xj89TzgzqX18TVOobz+tbK+jn66bqwW0gjWipbQDS15zZZtup8zML47377OluBLPnkg3ZwtQw==",
      "requires": {
        "tslib": "^1.10.0"
      }
    },
    "ag-grid-community": {
      "version": "25.1.0",
      "resolved": "https://registry.npmjs.org/ag-grid-community/-/ag-grid-community-25.1.0.tgz",
      "integrity": "sha512-sKJp6SZG8J50OlOeECtrLFSp/iwdx1mcG0+BmIkHsXmWoyXv5ZaTJyVg1/hMk6s3JVTm1ipg6LepbTaigWEL2A=="
    },
    "tslib": {
      "version": "1.14.1",
      "resolved": "https://registry.npmjs.org/tslib/-/tslib-1.14.1.tgz",
      "integrity": "sha512-Xni35NKzjgMrwevysHTCArtLDpPvye8zV/0E4EyYn43P7/7qvQwPh9BGkHewbMulVntbigmcT7rdX3BNo9wRJg=="
    }
  }
}
